
Microsoft Visual Studio Solution File, Format Version 12.00
# Visual Studio 14
VisualStudioVersion = 14.0.23107.0
MinimumVisualStudioVersion = 10.0.40219.1
Project("{FAE04EC0-301F-11D3-BF4B-00C04F79EFBC}") = "Bxsoft.Utils", "lib\Bxsoft.Utils\Bxsoft.Utils.csproj", "{8DDB0876-692F-4A7A-9D0D-A27763586C79}"
EndProject
Project("{FAE04EC0-301F-11D3-BF4B-00C04F79EFBC}") = "WebApp", "WebApp\WebApp.csproj", "{FACA0B52-468B-426E-A25F-00947F11D275}"
EndProject
Global
	GlobalSection(SolutionConfigurationPlatforms) = preSolution
		Debug|Any CPU = Debug|Any CPU
		Release|Any CPU = Release|Any CPU
	EndGlobalSection
	GlobalSection(ProjectConfigurationPlatforms) = postSolution
		{8DDB0876-692F-4A7A-9D0D-A27763586C79}.Debug|Any CPU.ActiveCfg = Debug|Any CPU
		{8DDB0876-692F-4A7A-9D0D-A27763586C79}.Debug|Any CPU.Build.0 = Debug|Any CPU
		{8DDB0876-692F-4A7A-9D0D-A27763586C79}.Release|Any CPU.ActiveCfg = Release|Any CPU
		{8DDB0876-692F-4A7A-9D0D-A27763586C79}.Release|Any CPU.Build.0 = Release|Any CPU
		{FACA0B52-468B-426E-A25F-00947F11D275}.Debug|Any CPU.ActiveCfg = Debug|Any CPU
		{FACA0B52-468B-426E-A25F-00947F11D275}.Debug|Any CPU.Build.0 = Debug|Any CPU
		{FACA0B52-468B-426E-A25F-00947F11D275}.Release|Any CPU.ActiveCfg = Release|Any CPU
		{FACA0B52-468B-426E-A25F-00947F11D275}.Release|Any CPU.Build.0 = Release|Any CPU
	EndGlobalSection
	GlobalSection(SolutionProperties) = preSolution
		HideSolutionNode = FALSE
	EndGlobalSection
EndGlobal
